# This file is generated by running "yarn install" inside your project.
# Manual changes might be lost - proceed with caution!

__metadata:
  version: 8
  cacheKey: 10c0

"@exercism/javascript-browser-test-runner@npm:^0.7.0":
  version: 0.7.0
  resolution: "@exercism/javascript-browser-test-runner@npm:0.7.0"
  checksum: 10c0/23429586e842541ca49da214ac56c3187c8502f9d3743279a90e89ff50191baef555236ba850b3d06d7794a1fccd5cb339083d9dd05b91d875097c0230b6fb9f
  languageName: node
  linkType: hard

"root-workspace-0b6124@workspace:.":
  version: 0.0.0-use.local
  resolution: "root-workspace-0b6124@workspace:."
  dependencies:
    "@exercism/javascript-browser-test-runner": "npm:^0.7.0"
  languageName: unknown
  linkType: soft
