# This file is generated by running "yarn install" inside your project.
# Manual changes might be lost - proceed with caution!

__metadata:
  version: 8
  cacheKey: 10c0

"@exercism/javascript-browser-test-runner@npm:^0.1.0":
  version: 0.1.0
  resolution: "@exercism/javascript-browser-test-runner@npm:0.1.0"
  checksum: 10c0/f28ac030886eed14dd8f6937f85bb109f5a7149470ccaf661daf18f7250762f7284c67ee73c3aef1f95b88d8f017a2eb7a039de849ad55b8331bd09d2ad60231
  languageName: node
  linkType: hard

"root-workspace-0b6124@workspace:.":
  version: 0.0.0-use.local
  resolution: "root-workspace-0b6124@workspace:."
  dependencies:
    "@exercism/javascript-browser-test-runner": "npm:^0.1.0"
  languageName: unknown
  linkType: soft
